
Microsoft Visual Studio Solution File, Format Version 12.00
Project("{FAE04EC0-301F-11D3-BF4B-00C04F79EFBC}") = "Syntaxy", "Syntaxy\Syntaxy.csproj", "{829B9B22-C44C-47FC-83F7-5BF61EBC655A}"
EndProject
Project("{FAE04EC0-301F-11D3-BF4B-00C04F79EFBC}") = "Syntaxy.Test", "Syntaxy.Test\Syntaxy.Test.csproj", "{DE57F09E-360F-49CF-B1C0-29E0E3ABB394}"
EndProject
Global
	GlobalSection(SolutionConfigurationPlatforms) = preSolution
		Debug|Any CPU = Debug|Any CPU
		Release|Any CPU = Release|Any CPU
	EndGlobalSection
	GlobalSection(ProjectConfigurationPlatforms) = postSolution
		{829B9B22-C44C-47FC-83F7-5BF61EBC655A}.Debug|Any CPU.ActiveCfg = Debug|Any CPU
		{829B9B22-C44C-47FC-83F7-5BF61EBC655A}.Debug|Any CPU.Build.0 = Debug|Any CPU
		{829B9B22-C44C-47FC-83F7-5BF61EBC655A}.Release|Any CPU.ActiveCfg = Release|Any CPU
		{829B9B22-C44C-47FC-83F7-5BF61EBC655A}.Release|Any CPU.Build.0 = Release|Any CPU
		{DE57F09E-360F-49CF-B1C0-29E0E3ABB394}.Debug|Any CPU.ActiveCfg = Debug|Any CPU
		{DE57F09E-360F-49CF-B1C0-29E0E3ABB394}.Debug|Any CPU.Build.0 = Debug|Any CPU
		{DE57F09E-360F-49CF-B1C0-29E0E3ABB394}.Release|Any CPU.ActiveCfg = Release|Any CPU
		{DE57F09E-360F-49CF-B1C0-29E0E3ABB394}.Release|Any CPU.Build.0 = Release|Any CPU
	EndGlobalSection
EndGlobal
